# This file is generated by running "yarn install" inside your project.
# Manual changes might be lost - proceed with caution!

__metadata:
  version: 8
  cacheKey: 10c0

"@iden3/bigarray@npm:0.0.2":
  version: 0.0.2
  resolution: "@iden3/bigarray@npm:0.0.2"
  checksum: 10c0/a1c69a30f1bfb7eed0a1066e6a3d80aad3fab4dbb1bae96cf4dc7117ca9f791edc4a023d8cfb0afefbeab4d65f7bf91edfbb0a62e5ecdc8711c98bb329fedbaa
  languageName: node
  linkType: hard

"@iden3/binfileutils@npm:0.0.11":
  version: 0.0.11
  resolution: "@iden3/binfileutils@npm:0.0.11"
  dependencies:
    fastfile: "npm:0.0.20"
    ffjavascript: "npm:^0.2.48"
  checksum: 10c0/a7c735ccb734f1bebaa4269284ecdae82bbfe2d2c11b76a627922f8f511033ce9e1300873c22f8f689d682edb3a39c9ad182d8794b6b7412cf55e44c287e93d0
  languageName: node
  linkType: hard

"@iden3/binfileutils@npm:0.0.12":
  version: 0.0.12
  resolution: "@iden3/binfileutils@npm:0.0.12"
  dependencies:
    fastfile: "npm:0.0.20"
    ffjavascript: "npm:^0.3.0"
  checksum: 10c0/33783e2bad7901020bb1ba2236e0172a6f0bced519558466fe17ea2e51226a06d769e869883b1d6fe1abcc459327a77ee96265a52b53c2a964d9b4ef48b2263a
  languageName: node
  linkType: hard

"@noble/hashes@npm:^1.7.1":
  version: 1.8.0
  resolution: "@noble/hashes@npm:1.8.0"
  checksum: 10c0/06a0b52c81a6fa7f04d67762e08b2c476a00285858150caeaaff4037356dd5e119f45b2a530f638b77a5eeca013168ec1b655db41bae3236cb2e9d511484fc77
  languageName: node
  linkType: hard

"assertion-error@npm:^1.1.0":
  version: 1.1.0
  resolution: "assertion-error@npm:1.1.0"
  checksum: 10c0/25456b2aa333250f01143968e02e4884a34588a8538fbbf65c91a637f1dbfb8069249133cd2f4e530f10f624d206a664e7df30207830b659e9f5298b00a4099b
  languageName: node
  linkType: hard

"async-function@npm:^1.0.0":
  version: 1.0.0
  resolution: "async-function@npm:1.0.0"
  checksum: 10c0/669a32c2cb7e45091330c680e92eaeb791bc1d4132d827591e499cd1f776ff5a873e77e5f92d0ce795a8d60f10761dec9ddfe7225a5de680f5d357f67b1aac73
  languageName: node
  linkType: hard

"async-generator-function@npm:^1.0.0":
  version: 1.0.0
  resolution: "async-generator-function@npm:1.0.0"
  checksum: 10c0/2c50ef856c543ad500d8d8777d347e3c1ba623b93e99c9263ecc5f965c1b12d2a140e2ab6e43c3d0b85366110696f28114649411cbcd10b452a92a2318394186
  languageName: node
  linkType: hard

"async@npm:^3.2.6":
  version: 3.2.6
  resolution: "async@npm:3.2.6"
  checksum: 10c0/36484bb15ceddf07078688d95e27076379cc2f87b10c03b6dd8a83e89475a3c8df5848859dd06a4c95af1e4c16fc973de0171a77f18ea00be899aca2a4f85e70
  languageName: node
  linkType: hard

"available-typed-arrays@npm:^1.0.7":
  version: 1.0.7
  resolution: "available-typed-arrays@npm:1.0.7"
  dependencies:
    possible-typed-array-names: "npm:^1.0.0"
  checksum: 10c0/d07226ef4f87daa01bd0fe80f8f310982e345f372926da2e5296aecc25c41cab440916bbaa4c5e1034b453af3392f67df5961124e4b586df1e99793a1374bdb2
  languageName: node
  linkType: hard

"balanced-match@npm:^1.0.0":
  version: 1.0.2
  resolution: "balanced-match@npm:1.0.2"
  checksum: 10c0/9308baf0a7e4838a82bbfd11e01b1cb0f0cf2893bc1676c27c2a8c0e70cbae1c59120c3268517a8ae7fb6376b4639ef81ca22582611dbee4ed28df945134aaee
  languageName: node
  linkType: hard

"bfj@npm:^7.0.2":
  version: 7.1.0
  resolution: "bfj@npm:7.1.0"
  dependencies:
    bluebird: "npm:^3.7.2"
    check-types: "npm:^11.2.3"
    hoopy: "npm:^0.1.4"
    jsonpath: "npm:^1.1.1"
    tryer: "npm:^1.0.1"
  checksum: 10c0/e5fc6690cd093c06ca6ed7584a2caf0c4a762bc9d9d9cb18efbabc75c973b071a8dad7037c617d0ea4d97b7b439821fea32f7c232ed0be8fa7840533a9643171
  languageName: node
  linkType: hard

"bluebird@npm:^3.7.2":
  version: 3.7.2
  resolution: "bluebird@npm:3.7.2"
  checksum: 10c0/680de03adc54ff925eaa6c7bb9a47a0690e8b5de60f4792604aae8ed618c65e6b63a7893b57ca924beaf53eee69c5af4f8314148c08124c550fe1df1add897d2
  languageName: node
  linkType: hard

"brace-expansion@npm:^2.0.1":
  version: 2.1.0
  resolution: "brace-expansion@npm:2.1.0"
  dependencies:
    balanced-match: "npm:^1.0.0"
  checksum: 10c0/439cedf3e23d7993b37919f1d6fdc653ec21a42437ec3e7460bea9ca8b17edf7a24a633273c31d61aa4335877cf29a443f1871814131c87997a1e6223e1f1502
  languageName: node
  linkType: hard

"call-bind-apply-helpers@npm:^1.0.1, call-bind-apply-helpers@npm:^1.0.2":
  version: 1.0.2
  resolution: "call-bind-apply-helpers@npm:1.0.2"
  dependencies:
    es-errors: "npm:^1.3.0"
    function-bind: "npm:^1.1.2"
  checksum: 10c0/47bd9901d57b857590431243fea704ff18078b16890a6b3e021e12d279bbf211d039155e27d7566b374d49ee1f8189344bac9833dec7a20cdec370506361c938
  languageName: node
  linkType: hard

"call-bind@npm:^1.0.8":
  version: 1.0.9
  resolution: "call-bind@npm:1.0.9"
  dependencies:
    call-bind-apply-helpers: "npm:^1.0.2"
    es-define-property: "npm:^1.0.1"
    get-intrinsic: "npm:^1.3.0"
    set-function-length: "npm:^1.2.2"
  checksum: 10c0/a6621f6da1444481919ce3b4983dff725691e0754d3507ae483ce56e54985f2da7d6f1df512c56dbf28660745cf1ca52553f1fc9aef5557f3ce353ef14fab714
  languageName: node
  linkType: hard

"call-bound@npm:^1.0.2, call-bound@npm:^1.0.4":
  version: 1.0.4
  resolution: "call-bound@npm:1.0.4"
  dependencies:
    call-bind-apply-helpers: "npm:^1.0.2"
    get-intrinsic: "npm:^1.3.0"
  checksum: 10c0/f4796a6a0941e71c766aea672f63b72bc61234c4f4964dc6d7606e3664c307e7d77845328a8f3359ce39ddb377fed67318f9ee203dea1d47e46165dcf2917644
  languageName: node
  linkType: hard

"chai@npm:^4.3.6":
  version: 4.5.0
  resolution: "chai@npm:4.5.0"
  dependencies:
    assertion-error: "npm:^1.1.0"
    check-error: "npm:^1.0.3"
    deep-eql: "npm:^4.1.3"
    get-func-name: "npm:^2.0.2"
    loupe: "npm:^2.3.6"
    pathval: "npm:^1.1.1"
    type-detect: "npm:^4.1.0"
  checksum: 10c0/b8cb596bd1aece1aec659e41a6e479290c7d9bee5b3ad63d2898ad230064e5b47889a3bc367b20100a0853b62e026e2dc514acf25a3c9385f936aa3614d4ab4d
  languageName: node
  linkType: hard

"check-error@npm:^1.0.3":
  version: 1.0.3
  resolution: "check-error@npm:1.0.3"
  dependencies:
    get-func-name: "npm:^2.0.2"
  checksum: 10c0/94aa37a7315c0e8a83d0112b5bfb5a8624f7f0f81057c73e4707729cdd8077166c6aefb3d8e2b92c63ee130d4a2ff94bad46d547e12f3238cc1d78342a973841
  languageName: node
  linkType: hard

"check-types@npm:^11.2.3":
  version: 11.2.3
  resolution: "check-types@npm:11.2.3"
  checksum: 10c0/08d17e528b189e0e431689f0f2f0a78f425202f6e5ac93def5c3b8d128eb888a5103fc980d4feb7b2d4248f8114d354c223dff3c0b5ac4b1def526ef441aaf55
  languageName: node
  linkType: hard

"child_process@npm:^1.0.2":
  version: 1.0.2
  resolution: "child_process@npm:1.0.2"
  checksum: 10c0/6e45dff224c704dc5c5edc14532e6c0c5c23a7c5f823574349246082d94a29780a68a46155d8a6989ffa986cb12ed0b01fbfc6c713b6655959fabb6b8cd52e4a
  languageName: node
  linkType: hard

"circom_runtime@npm:0.1.28":
  version: 0.1.28
  resolution: "circom_runtime@npm:0.1.28"
  dependencies:
    ffjavascript: "npm:0.3.1"
  bin:
    calcwit: calcwit.js
  checksum: 10c0/f2636b3cf553ea37701b527331ff740be7e31d51dc367c7f7bdffb69cf3a0d86c34ce215e4dbc0ad47f9c221c129ab11b111c6814e009c4d469592d73ab3c513
  languageName: node
  linkType: hard

"circom_tester@npm:^0.0.19":
  version: 0.0.19
  resolution: "circom_tester@npm:0.0.19"
  dependencies:
    chai: "npm:^4.3.6"
    child_process: "npm:^1.0.2"
    ffjavascript: "npm:^0.2.56"
    fnv-plus: "npm:^1.3.1"
    r1csfile: "npm:^0.0.41"
    snarkjs: "npm:0.5.0"
    tmp-promise: "npm:^3.0.3"
    util: "npm:^0.12.4"
  checksum: 10c0/a09372c360cc2dfda85e888cc37c6b9daa8ec77728b9f6c91e84ef15cfc02a99cd66de8e01d7008827be7d13930e84ab3cdd9b185de117fd848d645b0975056d
  languageName: node
  linkType: hard

"circomkit@npm:^0.3.4":
  version: 0.3.4
  resolution: "circomkit@npm:0.3.4"
  dependencies:
    circom_tester: "npm:^0.0.19"
    commander: "npm:^12.1.0"
    loglevel: "npm:^1.9.2"
  peerDependencies:
    "@types/snarkjs": ^0.7.x
    snarkjs: ^0.7.x
  bin:
    circomkit: dist/cli.js
  checksum: 10c0/9ae58dd2fdb5fda47fab784680d94b8a16973f4eb53bb3b312b1bc44044da353b1837f967b4a68e549a2377e41cce951ec88245fab190d8f08602bd23cafaa31
  languageName: node
  linkType: hard

"circomlib@npm:^2.0.5":
  version: 2.0.5
  resolution: "circomlib@npm:2.0.5"
  checksum: 10c0/6709e3df9e16c09015e69f9ee01d5fde340b888743a204be27e37880337db61f013f4a6b9573935fb410ddb02a0e89367edf509b89182a0c2e07c8a4777c91a4
  languageName: node
  linkType: hard

"commander@npm:^12.1.0":
  version: 12.1.0
  resolution: "commander@npm:12.1.0"
  checksum: 10c0/6e1996680c083b3b897bfc1cfe1c58dfbcd9842fd43e1aaf8a795fbc237f65efcc860a3ef457b318e73f29a4f4a28f6403c3d653d021d960e4632dd45bde54a9
  languageName: node
  linkType: hard

"deep-eql@npm:^4.1.3":
  version: 4.1.4
  resolution: "deep-eql@npm:4.1.4"
  dependencies:
    type-detect: "npm:^4.0.0"
  checksum: 10c0/264e0613493b43552fc908f4ff87b8b445c0e6e075656649600e1b8a17a57ee03e960156fce7177646e4d2ddaf8e5ee616d76bd79929ff593e5c79e4e5e6c517
  languageName: node
  linkType: hard

"define-data-property@npm:^1.1.4":
  version: 1.1.4
  resolution: "define-data-property@npm:1.1.4"
  dependencies:
    es-define-property: "npm:^1.0.0"
    es-errors: "npm:^1.3.0"
    gopd: "npm:^1.0.1"
  checksum: 10c0/dea0606d1483eb9db8d930d4eac62ca0fa16738b0b3e07046cddfacf7d8c868bbe13fa0cb263eb91c7d0d527960dc3f2f2471a69ed7816210307f6744fe62e37
  languageName: node
  linkType: hard

"dunder-proto@npm:^1.0.1":
  version: 1.0.1
  resolution: "dunder-proto@npm:1.0.1"
  dependencies:
    call-bind-apply-helpers: "npm:^1.0.1"
    es-errors: "npm:^1.3.0"
    gopd: "npm:^1.2.0"
  checksum: 10c0/199f2a0c1c16593ca0a145dbf76a962f8033ce3129f01284d48c45ed4e14fea9bbacd7b3610b6cdc33486cef20385ac054948fefc6272fcce645c09468f93031
  languageName: node
  linkType: hard

"ejs@npm:^3.1.6":
  version: 3.1.10
  resolution: "ejs@npm:3.1.10"
  dependencies:
    jake: "npm:^10.8.5"
  bin:
    ejs: bin/cli.js
  checksum: 10c0/52eade9e68416ed04f7f92c492183340582a36482836b11eab97b159fcdcfdedc62233a1bf0bf5e5e1851c501f2dca0e2e9afd111db2599e4e7f53ee29429ae1
  languageName: node
  linkType: hard

"es-define-property@npm:^1.0.0, es-define-property@npm:^1.0.1":
  version: 1.0.1
  resolution: "es-define-property@npm:1.0.1"
  checksum: 10c0/3f54eb49c16c18707949ff25a1456728c883e81259f045003499efba399c08bad00deebf65cccde8c0e07908c1a225c9d472b7107e558f2a48e28d530e34527c
  languageName: node
  linkType: hard

"es-errors@npm:^1.3.0":
  version: 1.3.0
  resolution: "es-errors@npm:1.3.0"
  checksum: 10c0/0a61325670072f98d8ae3b914edab3559b6caa980f08054a3b872052640d91da01d38df55df797fcc916389d77fc92b8d5906cf028f4db46d7e3003abecbca85
  languageName: node
  linkType: hard

"es-object-atoms@npm:^1.0.0, es-object-atoms@npm:^1.1.1":
  version: 1.1.1
  resolution: "es-object-atoms@npm:1.1.1"
  dependencies:
    es-errors: "npm:^1.3.0"
  checksum: 10c0/65364812ca4daf48eb76e2a3b7a89b3f6a2e62a1c420766ce9f692665a29d94fe41fe88b65f24106f449859549711e4b40d9fb8002d862dfd7eb1c512d10be0c
  languageName: node
  linkType: hard

"escodegen@npm:^2.1.0":
  version: 2.1.0
  resolution: "escodegen@npm:2.1.0"
  dependencies:
    esprima: "npm:^4.0.1"
    estraverse: "npm:^5.2.0"
    esutils: "npm:^2.0.2"
    source-map: "npm:~0.6.1"
  dependenciesMeta:
    source-map:
      optional: true
  bin:
    escodegen: bin/escodegen.js
    esgenerate: bin/esgenerate.js
  checksum: 10c0/e1450a1f75f67d35c061bf0d60888b15f62ab63aef9df1901cffc81cffbbb9e8b3de237c5502cf8613a017c1df3a3003881307c78835a1ab54d8c8d2206e01d3
  languageName: node
  linkType: hard

"esprima@npm:1.2.5":
  version: 1.2.5
  resolution: "esprima@npm:1.2.5"
  bin:
    esparse: ./bin/esparse.js
    esvalidate: ./bin/esvalidate.js
  checksum: 10c0/634f272901b48174b84fd59ae6d9fbe03af38cfaa60501d8c0c7227d96ac53aef232e6fafda7c9760e50997f675e1c828e0b29aa39b092982960acf5e937db8f
  languageName: node
  linkType: hard

"esprima@npm:^4.0.1":
  version: 4.0.1
  resolution: "esprima@npm:4.0.1"
  bin:
    esparse: ./bin/esparse.js
    esvalidate: ./bin/esvalidate.js
  checksum: 10c0/ad4bab9ead0808cf56501750fd9d3fb276f6b105f987707d059005d57e182d18a7c9ec7f3a01794ebddcca676773e42ca48a32d67a250c9d35e009ca613caba3
  languageName: node
  linkType: hard

"estraverse@npm:^5.2.0":
  version: 5.3.0
  resolution: "estraverse@npm:5.3.0"
  checksum: 10c0/1ff9447b96263dec95d6d67431c5e0771eb9776427421260a3e2f0fdd5d6bd4f8e37a7338f5ad2880c9f143450c9b1e4fc2069060724570a49cf9cf0312bd107
  languageName: node
  linkType: hard

"esutils@npm:^2.0.2":
  version: 2.0.3
  resolution: "esutils@npm:2.0.3"
  checksum: 10c0/9a2fe69a41bfdade834ba7c42de4723c97ec776e40656919c62cbd13607c45e127a003f05f724a1ea55e5029a4cf2de444b13009f2af71271e42d93a637137c7
  languageName: node
  linkType: hard

"fastfile@npm:0.0.20":
  version: 0.0.20
  resolution: "fastfile@npm:0.0.20"
  checksum: 10c0/ca91f5658eec188c7ba3b910d7d87ed90d4d7ca92852fa14dd8c6d4ae4c2149b8147a30bbcafe727bf12f0ebb25c585a6cf0a112a3957b761ec913f8299fdd4f
  languageName: node
  linkType: hard

"ffjavascript@npm:0.2.56":
  version: 0.2.56
  resolution: "ffjavascript@npm:0.2.56"
  dependencies:
    wasmbuilder: "npm:0.0.16"
    wasmcurves: "npm:0.2.0"
    web-worker: "npm:^1.2.0"
  checksum: 10c0/62cd9e8a2a2f44eb210d3e7a6b35618a5c9779192a8ed8d614f5e8b8c7e69cd9810d1cb2b569a47423026e4bbff4c2a88096234a4e536e60d3d5f7fefdeb276e
  languageName: node
  linkType: hard

"ffjavascript@npm:0.3.0":
  version: 0.3.0
  resolution: "ffjavascript@npm:0.3.0"
  dependencies:
    wasmbuilder: "npm:0.0.16"
    wasmcurves: "npm:0.2.2"
    web-worker: "npm:1.2.0"
  checksum: 10c0/2899db6ab67162eb9a7a052c420d31b0e15c6fd12bc738c48559e0a926649f1d11afe9cfa2611ff13f816b2fd9fa047fb11f6f8682f0dea4f84c4dd9f5dc7c3c
  languageName: node
  linkType: hard

"ffjavascript@npm:0.3.1, ffjavascript@npm:^0.3.0":
  version: 0.3.1
  resolution: "ffjavascript@npm:0.3.1"
  dependencies:
    wasmbuilder: "npm:0.0.16"
    wasmcurves: "npm:0.2.2"
    web-worker: "npm:1.2.0"
  checksum: 10c0/6928afe37cdbe9a88a9901a37d0abbdcfa61a8533517cb86e2584bf2701eaa10ce2bfa1d417499042f9b10b79bc058ec0ecc14d3fdc6cb55d21bfcac3d1c4521
  languageName: node
  linkType: hard

"ffjavascript@npm:^0.2.48, ffjavascript@npm:^0.2.56":
  version: 0.2.63
  resolution: "ffjavascript@npm:0.2.63"
  dependencies:
    wasmbuilder: "npm:0.0.16"
    wasmcurves: "npm:0.2.2"
    web-worker: "npm:1.2.0"
  checksum: 10c0/875f0b52c89ed1822b4da7449efa149f7ed8550ede6c1d0308b2f854e98867a8f1546db3486427b9fd98da1cc236c1b533cfb11e9938b0ab708c5a77da811299
  languageName: node
  linkType: hard

"filelist@npm:^1.0.4":
  version: 1.0.6
  resolution: "filelist@npm:1.0.6"
  dependencies:
    minimatch: "npm:^5.0.1"
  checksum: 10c0/6ee725bec3e1936d680a45f14439b224d9f7c71658c145addcf551dd82f03d608522eb6b191aa086b392bc3e52ed4ce0ed8d78e24b203e6c5e867560a05d1121
  languageName: node
  linkType: hard

"fnv-plus@npm:^1.3.1":
  version: 1.3.1
  resolution: "fnv-plus@npm:1.3.1"
  checksum: 10c0/770b253629c8e27cff3d94e68fbb94069daeac2b1df833bb03afb280c869ad43b40ecec0fe3a9b6745fa8e549b6c9b4bb6019311cf6d100b8df38497a3d2c258
  languageName: node
  linkType: hard

"for-each@npm:^0.3.5":
  version: 0.3.5
  resolution: "for-each@npm:0.3.5"
  dependencies:
    is-callable: "npm:^1.2.7"
  checksum: 10c0/0e0b50f6a843a282637d43674d1fb278dda1dd85f4f99b640024cfb10b85058aac0cc781bf689d5fe50b4b7f638e91e548560723a4e76e04fe96ae35ef039cee
  languageName: node
  linkType: hard

"function-bind@npm:^1.1.2":
  version: 1.1.2
  resolution: "function-bind@npm:1.1.2"
  checksum: 10c0/d8680ee1e5fcd4c197e4ac33b2b4dce03c71f4d91717292785703db200f5c21f977c568d28061226f9b5900cbcd2c84463646134fd5337e7925e0942bc3f46d5
  languageName: node
  linkType: hard

"generator-function@npm:^2.0.0":
  version: 2.0.1
  resolution: "generator-function@npm:2.0.1"
  checksum: 10c0/8a9f59df0f01cfefafdb3b451b80555e5cf6d76487095db91ac461a0e682e4ff7a9dbce15f4ecec191e53586d59eece01949e05a4b4492879600bbbe8e28d6b8
  languageName: node
  linkType: hard

"get-func-name@npm:^2.0.1, get-func-name@npm:^2.0.2":
  version: 2.0.2
  resolution: "get-func-name@npm:2.0.2"
  checksum: 10c0/89830fd07623fa73429a711b9daecdb304386d237c71268007f788f113505ef1d4cc2d0b9680e072c5082490aec9df5d7758bf5ac6f1c37062855e8e3dc0b9df
  languageName: node
  linkType: hard

"get-intrinsic@npm:^1.2.4, get-intrinsic@npm:^1.3.0":
  version: 1.3.1
  resolution: "get-intrinsic@npm:1.3.1"
  dependencies:
    async-function: "npm:^1.0.0"
    async-generator-function: "npm:^1.0.0"
    call-bind-apply-helpers: "npm:^1.0.2"
    es-define-property: "npm:^1.0.1"
    es-errors: "npm:^1.3.0"
    es-object-atoms: "npm:^1.1.1"
    function-bind: "npm:^1.1.2"
    generator-function: "npm:^2.0.0"
    get-proto: "npm:^1.0.1"
    gopd: "npm:^1.2.0"
    has-symbols: "npm:^1.1.0"
    hasown: "npm:^2.0.2"
    math-intrinsics: "npm:^1.1.0"
  checksum: 10c0/9f4ab0cf7efe0fd2c8185f52e6f637e708f3a112610c88869f8f041bb9ecc2ce44bf285dfdbdc6f4f7c277a5b88d8e94a432374d97cca22f3de7fc63795deb5d
  languageName: node
  linkType: hard

"get-proto@npm:^1.0.1":
  version: 1.0.1
  resolution: "get-proto@npm:1.0.1"
  dependencies:
    dunder-proto: "npm:^1.0.1"
    es-object-atoms: "npm:^1.0.0"
  checksum: 10c0/9224acb44603c5526955e83510b9da41baf6ae73f7398875fba50edc5e944223a89c4a72b070fcd78beb5f7bdda58ecb6294adc28f7acfc0da05f76a2399643c
  languageName: node
  linkType: hard

"gopd@npm:^1.0.1, gopd@npm:^1.2.0":
  version: 1.2.0
  resolution: "gopd@npm:1.2.0"
  checksum: 10c0/50fff1e04ba2b7737c097358534eacadad1e68d24cccee3272e04e007bed008e68d2614f3987788428fd192a5ae3889d08fb2331417e4fc4a9ab366b2043cead
  languageName: node
  linkType: hard

"has-property-descriptors@npm:^1.0.2":
  version: 1.0.2
  resolution: "has-property-descriptors@npm:1.0.2"
  dependencies:
    es-define-property: "npm:^1.0.0"
  checksum: 10c0/253c1f59e80bb476cf0dde8ff5284505d90c3bdb762983c3514d36414290475fe3fd6f574929d84de2a8eec00d35cf07cb6776205ff32efd7c50719125f00236
  languageName: node
  linkType: hard

"has-symbols@npm:^1.0.3, has-symbols@npm:^1.1.0":
  version: 1.1.0
  resolution: "has-symbols@npm:1.1.0"
  checksum: 10c0/dde0a734b17ae51e84b10986e651c664379018d10b91b6b0e9b293eddb32f0f069688c841fb40f19e9611546130153e0a2a48fd7f512891fb000ddfa36f5a20e
  languageName: node
  linkType: hard

"has-tostringtag@npm:^1.0.2":
  version: 1.0.2
  resolution: "has-tostringtag@npm:1.0.2"
  dependencies:
    has-symbols: "npm:^1.0.3"
  checksum: 10c0/a8b166462192bafe3d9b6e420a1d581d93dd867adb61be223a17a8d6dad147aa77a8be32c961bb2f27b3ef893cae8d36f564ab651f5e9b7938ae86f74027c48c
  languageName: node
  linkType: hard

"hasown@npm:^2.0.2":
  version: 2.0.3
  resolution: "hasown@npm:2.0.3"
  dependencies:
    function-bind: "npm:^1.1.2"
  checksum: 10c0/f5eb28c3fd0d3e4facd821c1eeee3836c37b70ab0b0fc532e8a39976e18fef43652415dadc52f8c7a5ff6d5ac93b7bef128789aa6f90f4e9b9a9083dce74ab38
  languageName: node
  linkType: hard

"hoopy@npm:^0.1.4":
  version: 0.1.4
  resolution: "hoopy@npm:0.1.4"
  checksum: 10c0/4ef749e1a13d46cae52014b9de452635637086c333fc67245369a1262dee806386354a4ed845d507e59e5a0d3aef55246c0ec66f5bf2908d40eb77e7dff2a254
  languageName: node
  linkType: hard

"inherits@npm:^2.0.3":
  version: 2.0.4
  resolution: "inherits@npm:2.0.4"
  checksum: 10c0/4e531f648b29039fb7426fb94075e6545faa1eb9fe83c29f0b6d9e7263aceb4289d2d4557db0d428188eeb449cc7c5e77b0a0b2c4e248ff2a65933a0dee49ef2
  languageName: node
  linkType: hard

"is-arguments@npm:^1.0.4":
  version: 1.2.0
  resolution: "is-arguments@npm:1.2.0"
  dependencies:
    call-bound: "npm:^1.0.2"
    has-tostringtag: "npm:^1.0.2"
  checksum: 10c0/6377344b31e9fcb707c6751ee89b11f132f32338e6a782ec2eac9393b0cbd32235dad93052998cda778ee058754860738341d8114910d50ada5615912bb929fc
  languageName: node
  linkType: hard

"is-callable@npm:^1.2.7":
  version: 1.2.7
  resolution: "is-callable@npm:1.2.7"
  checksum: 10c0/ceebaeb9d92e8adee604076971dd6000d38d6afc40bb843ea8e45c5579b57671c3f3b50d7f04869618242c6cee08d1b67806a8cb8edaaaf7c0748b3720d6066f
  languageName: node
  linkType: hard

"is-generator-function@npm:^1.0.7":
  version: 1.1.2
  resolution: "is-generator-function@npm:1.1.2"
  dependencies:
    call-bound: "npm:^1.0.4"
    generator-function: "npm:^2.0.0"
    get-proto: "npm:^1.0.1"
    has-tostringtag: "npm:^1.0.2"
    safe-regex-test: "npm:^1.1.0"
  checksum: 10c0/83da102e89c3e3b71d67b51d47c9f9bc862bceb58f87201727e27f7fa19d1d90b0ab223644ecaee6fc6e3d2d622bb25c966fbdaf87c59158b01ce7c0fe2fa372
  languageName: node
  linkType: hard

"is-regex@npm:^1.2.1":
  version: 1.2.1
  resolution: "is-regex@npm:1.2.1"
  dependencies:
    call-bound: "npm:^1.0.2"
    gopd: "npm:^1.2.0"
    has-tostringtag: "npm:^1.0.2"
    hasown: "npm:^2.0.2"
  checksum: 10c0/1d3715d2b7889932349241680032e85d0b492cfcb045acb75ffc2c3085e8d561184f1f7e84b6f8321935b4aea39bc9c6ba74ed595b57ce4881a51dfdbc214e04
  languageName: node
  linkType: hard

"is-typed-array@npm:^1.1.3":
  version: 1.1.15
  resolution: "is-typed-array@npm:1.1.15"
  dependencies:
    which-typed-array: "npm:^1.1.16"
  checksum: 10c0/415511da3669e36e002820584e264997ffe277ff136643a3126cc949197e6ca3334d0f12d084e83b1994af2e9c8141275c741cf2b7da5a2ff62dd0cac26f76c4
  languageName: node
  linkType: hard

"jake@npm:^10.8.5":
  version: 10.9.4
  resolution: "jake@npm:10.9.4"
  dependencies:
    async: "npm:^3.2.6"
    filelist: "npm:^1.0.4"
    picocolors: "npm:^1.1.1"
  bin:
    jake: bin/cli.js
  checksum: 10c0/bb52f000340d4a32f1a3893b9abe56ef2b77c25da4dbf2c0c874a8159d082dddda50a5ad10e26060198bd645b928ba8dba3b362710f46a247e335321188c5a9c
  languageName: node
  linkType: hard

"jsonpath@npm:^1.1.1":
  version: 1.3.0
  resolution: "jsonpath@npm:1.3.0"
  dependencies:
    esprima: "npm:1.2.5"
    static-eval: "npm:2.1.1"
    underscore: "npm:1.13.6"
  checksum: 10c0/c7464919dd012837091febc393f4f743b82c422e3e8b4f2677119e7f8a37d8fd32f4969699c029fce3f31569a400b275e9ef089047a06548235089989be35bbe
  languageName: node
  linkType: hard

"loglevel@npm:^1.9.2":
  version: 1.9.2
  resolution: "loglevel@npm:1.9.2"
  checksum: 10c0/1e317fa4648fe0b4a4cffef6de037340592cee8547b07d4ce97a487abe9153e704b98451100c799b032c72bb89c9366d71c9fb8192ada8703269263ae77acdc7
  languageName: node
  linkType: hard

"logplease@npm:^1.2.15":
  version: 1.2.15
  resolution: "logplease@npm:1.2.15"
  checksum: 10c0/e835ce89895c9335460a9b4b3a79f9f4161879f5cd49efc249f8af2a128403e391c177bf55ca7207fd6687aa16e376f9a96ce58dc639acc6b4b8b00d6225323c
  languageName: node
  linkType: hard

"loupe@npm:^2.3.6":
  version: 2.3.7
  resolution: "loupe@npm:2.3.7"
  dependencies:
    get-func-name: "npm:^2.0.1"
  checksum: 10c0/71a781c8fc21527b99ed1062043f1f2bb30bdaf54fa4cf92463427e1718bc6567af2988300bc243c1f276e4f0876f29e3cbf7b58106fdc186915687456ce5bf4
  languageName: node
  linkType: hard

"math-intrinsics@npm:^1.1.0":
  version: 1.1.0
  resolution: "math-intrinsics@npm:1.1.0"
  checksum: 10c0/7579ff94e899e2f76ab64491d76cf606274c874d8f2af4a442c016bd85688927fcfca157ba6bf74b08e9439dc010b248ce05b96cc7c126a354c3bae7fcb48b7f
  languageName: node
  linkType: hard

"minimatch@npm:^5.0.1":
  version: 5.1.9
  resolution: "minimatch@npm:5.1.9"
  dependencies:
    brace-expansion: "npm:^2.0.1"
  checksum: 10c0/4202718683815a7288b13e470160a4f9560cf392adef4f453927505817e01ef6b3476ecde13cfcaed17e7326dd3b69ad44eb2daeb19a217c5500f9277893f1d6
  languageName: node
  linkType: hard

"pathval@npm:^1.1.1":
  version: 1.1.1
  resolution: "pathval@npm:1.1.1"
  checksum: 10c0/f63e1bc1b33593cdf094ed6ff5c49c1c0dc5dc20a646ca9725cc7fe7cd9995002d51d5685b9b2ec6814342935748b711bafa840f84c0bb04e38ff40a335c94dc
  languageName: node
  linkType: hard

"picocolors@npm:^1.1.1":
  version: 1.1.1
  resolution: "picocolors@npm:1.1.1"
  checksum: 10c0/e2e3e8170ab9d7c7421969adaa7e1b31434f789afb9b3f115f6b96d91945041ac3ceb02e9ec6fe6510ff036bcc0bf91e69a1772edc0b707e12b19c0f2d6bcf58
  languageName: node
  linkType: hard

"possible-typed-array-names@npm:^1.0.0":
  version: 1.1.0
  resolution: "possible-typed-array-names@npm:1.1.0"
  checksum: 10c0/c810983414142071da1d644662ce4caebce890203eb2bc7bf119f37f3fe5796226e117e6cca146b521921fa6531072674174a3325066ac66fce089a53e1e5196
  languageName: node
  linkType: hard

"r1csfile@npm:0.0.48":
  version: 0.0.48
  resolution: "r1csfile@npm:0.0.48"
  dependencies:
    "@iden3/bigarray": "npm:0.0.2"
    "@iden3/binfileutils": "npm:0.0.12"
    fastfile: "npm:0.0.20"
    ffjavascript: "npm:0.3.0"
  checksum: 10c0/ea33804b4b51838603873fe4b4975b47e87fd9faad196024e49c02f4e87a0957e5cb333b9f2ac351db5372a7948bbf019218822a10f6b867b96aed90248e3e84
  languageName: node
  linkType: hard

"r1csfile@npm:^0.0.41":
  version: 0.0.41
  resolution: "r1csfile@npm:0.0.41"
  dependencies:
    "@iden3/bigarray": "npm:0.0.2"
    "@iden3/binfileutils": "npm:0.0.11"
    fastfile: "npm:0.0.20"
    ffjavascript: "npm:0.2.56"
  checksum: 10c0/93446afea94aa45de5abfe118155d31699d7fb174d41df33f71ced0f6e5155d580d20f6489aeb4afa6f4055deba6078a04301c31a4239a6c3212b04d918c0209
  languageName: node
  linkType: hard

"safe-regex-test@npm:^1.1.0":
  version: 1.1.0
  resolution: "safe-regex-test@npm:1.1.0"
  dependencies:
    call-bound: "npm:^1.0.2"
    es-errors: "npm:^1.3.0"
    is-regex: "npm:^1.2.1"
  checksum: 10c0/f2c25281bbe5d39cddbbce7f86fca5ea9b3ce3354ea6cd7c81c31b006a5a9fff4286acc5450a3b9122c56c33eba69c56b9131ad751457b2b4a585825e6a10665
  languageName: node
  linkType: hard

"set-function-length@npm:^1.2.2":
  version: 1.2.2
  resolution: "set-function-length@npm:1.2.2"
  dependencies:
    define-data-property: "npm:^1.1.4"
    es-errors: "npm:^1.3.0"
    function-bind: "npm:^1.1.2"
    get-intrinsic: "npm:^1.2.4"
    gopd: "npm:^1.0.1"
    has-property-descriptors: "npm:^1.0.2"
  checksum: 10c0/82850e62f412a258b71e123d4ed3873fa9377c216809551192bb6769329340176f109c2eeae8c22a8d386c76739855f78e8716515c818bcaef384b51110f0f3c
  languageName: node
  linkType: hard

"slhdsa-128s-circom@workspace:.":
  version: 0.0.0-use.local
  resolution: "slhdsa-128s-circom@workspace:."
  dependencies:
    circomkit: "npm:^0.3.4"
    circomlib: "npm:^2.0.5"
  languageName: unknown
  linkType: soft

"snarkjs@npm:0.7.6":
  version: 0.7.6
  resolution: "snarkjs@npm:0.7.6"
  dependencies:
    "@iden3/binfileutils": "npm:0.0.12"
    "@noble/hashes": "npm:^1.7.1"
    bfj: "npm:^7.0.2"
    circom_runtime: "npm:0.1.28"
    ejs: "npm:^3.1.6"
    fastfile: "npm:0.0.20"
    ffjavascript: "npm:0.3.1"
    logplease: "npm:^1.2.15"
    r1csfile: "npm:0.0.48"
  bin:
    snarkjs: build/cli.cjs
  checksum: 10c0/d21e3c05ce7462b628623dc1f5397165c346c34566fd0d4b6f899b5f23fb522fc64aea8e45dd861a4e902bb53d9838ac5b3bc15210a34e7e38166d314d565b06
  languageName: node
  linkType: hard

"source-map@npm:~0.6.1":
  version: 0.6.1
  resolution: "source-map@npm:0.6.1"
  checksum: 10c0/ab55398007c5e5532957cb0beee2368529618ac0ab372d789806f5718123cc4367d57de3904b4e6a4170eb5a0b0f41373066d02ca0735a0c4d75c7d328d3e011
  languageName: node
  linkType: hard

"static-eval@npm:2.1.1":
  version: 2.1.1
  resolution: "static-eval@npm:2.1.1"
  dependencies:
    escodegen: "npm:^2.1.0"
  checksum: 10c0/ad8ab8f86e6f82e3ff6c80d60a4c0ccfb086082cf594fa71a5c38cb6ed59607660e7a3e0103f3583ca38716744321d487bbe55a5ae2c6a9c965b5cf4d4cf2960
  languageName: node
  linkType: hard

"tmp-promise@npm:^3.0.3":
  version: 3.0.3
  resolution: "tmp-promise@npm:3.0.3"
  dependencies:
    tmp: "npm:^0.2.0"
  checksum: 10c0/23b47dcb2e82b14bbd8f61ed7a9d9353cdb6a6f09d7716616cfd27d0087040cd40152965a518e598d7aabe1489b9569bf1eebde0c5fadeaf3ec8098adcebea4e
  languageName: node
  linkType: hard

"tmp@npm:^0.2.0":
  version: 0.2.5
  resolution: "tmp@npm:0.2.5"
  checksum: 10c0/cee5bb7d674bb4ba3ab3f3841c2ca7e46daeb2109eec395c1ec7329a91d52fcb21032b79ac25161a37b2565c4858fefab927af9735926a113ef7bac9091a6e0e
  languageName: node
  linkType: hard

"tryer@npm:^1.0.1":
  version: 1.0.1
  resolution: "tryer@npm:1.0.1"
  checksum: 10c0/19070409a0009dc26127636cc14d2415e9cf8b1dc07b29694e57ea8bb5ea1bded012c0e792f6235b46e31189a7b866841668b3850867ff7eac1a6b55332c960d
  languageName: node
  linkType: hard

"type-detect@npm:^4.0.0, type-detect@npm:^4.1.0":
  version: 4.1.0
  resolution: "type-detect@npm:4.1.0"
  checksum: 10c0/df8157ca3f5d311edc22885abc134e18ff8ffbc93d6a9848af5b682730ca6a5a44499259750197250479c5331a8a75b5537529df5ec410622041650a7f293e2a
  languageName: node
  linkType: hard

"underscore@npm:1.13.6":
  version: 1.13.6
  resolution: "underscore@npm:1.13.6"
  checksum: 10c0/5f57047f47273044c045fddeb8b141dafa703aa487afd84b319c2495de2e685cecd0b74abec098292320d518b267c0c4598e45aa47d4c3628d0d4020966ba521
  languageName: node
  linkType: hard

"util@npm:^0.12.4":
  version: 0.12.5
  resolution: "util@npm:0.12.5"
  dependencies:
    inherits: "npm:^2.0.3"
    is-arguments: "npm:^1.0.4"
    is-generator-function: "npm:^1.0.7"
    is-typed-array: "npm:^1.1.3"
    which-typed-array: "npm:^1.1.2"
  checksum: 10c0/c27054de2cea2229a66c09522d0fa1415fb12d861d08523a8846bf2e4cbf0079d4c3f725f09dcb87493549bcbf05f5798dce1688b53c6c17201a45759e7253f3
  languageName: node
  linkType: hard

"wasmbuilder@npm:0.0.16":
  version: 0.0.16
  resolution: "wasmbuilder@npm:0.0.16"
  checksum: 10c0/9e7e25c0b281fb83b272ba628b2f94c3e5ac7a3a488149be3548c52fa7c4502a76339bf2eb6a92e8f23b46da429dda69fe15e794b55c05ba769fe60ff74c73f3
  languageName: node
  linkType: hard

"wasmcurves@npm:0.2.0":
  version: 0.2.0
  resolution: "wasmcurves@npm:0.2.0"
  dependencies:
    wasmbuilder: "npm:0.0.16"
  checksum: 10c0/e8ee355e2e67c9f8e46138fbee11dd28f77372696bb6f1d370af35ec311c371fc7cb9e8359224c32940f7844755986a4906419a8002f639e231d2c902be480c0
  languageName: node
  linkType: hard

"wasmcurves@npm:0.2.2":
  version: 0.2.2
  resolution: "wasmcurves@npm:0.2.2"
  dependencies:
    wasmbuilder: "npm:0.0.16"
  checksum: 10c0/9ee35e3a333f04f5c1233ad3a59401f20cc1074a4c219a0545337e5ca78a962da4e04155f28edd205b0d52fbcd121d2b0bac4489b011affd0c68dfb7ae37cdab
  languageName: node
  linkType: hard

"web-worker@npm:1.2.0":
  version: 1.2.0
  resolution: "web-worker@npm:1.2.0"
  checksum: 10c0/2bec036cd4784148e2f135207c62facf4457a0f2b205d6728013b9f0d7c62404dced95fcd849478387e10c8ae636d665600bd0d99d80b18c3bb2a7f045aa20d8
  languageName: node
  linkType: hard

"web-worker@npm:^1.2.0":
  version: 1.5.0
  resolution: "web-worker@npm:1.5.0"
  checksum: 10c0/d42744757422803c73ca64fa51e1ce994354ace4b8438b3f740425a05afeb8df12dd5dadbf6b0839a08dbda56c470d7943c0383854c4fb1ae40ab874eb10427a
  languageName: node
  linkType: hard

"which-typed-array@npm:^1.1.16, which-typed-array@npm:^1.1.2":
  version: 1.1.20
  resolution: "which-typed-array@npm:1.1.20"
  dependencies:
    available-typed-arrays: "npm:^1.0.7"
    call-bind: "npm:^1.0.8"
    call-bound: "npm:^1.0.4"
    for-each: "npm:^0.3.5"
    get-proto: "npm:^1.0.1"
    gopd: "npm:^1.2.0"
    has-tostringtag: "npm:^1.0.2"
  checksum: 10c0/16fcdada95c8afb821cd1117f0ab50b4d8551677ac08187f21d4e444530913c9ffd2dac634f0c1183345f96344b69280f40f9a8bc52164ef409e555567c2604b
  languageName: node
  linkType: hard
